
Microsoft Visual Studio Solution File, Format Version 12.00
# Visual Studio Version 17
VisualStudioVersion = 17.5.33516.290
MinimumVisualStudioVersion = 10.0.40219.1
Project("{9A19103F-16F7-4668-BE54-9A1E7A4F7556}") = "TollFeeCalculator", "TollFeeCalculator.csproj", "{3E87107E-8C0C-4CA5-92EC-23DC33B51B3A}"
EndProject
Project("{FAE04EC0-301F-11D3-BF4B-00C04F79EFBC}") = "TollFeeCalculator.Tests", "..\TollFeeCalculator.Tests\TollFeeCalculator.Tests.csproj", "{FC20FCB2-846E-4427-BDB6-98F9D3D371C5}"
EndProject
Global
	GlobalSection(SolutionConfigurationPlatforms) = preSolution
		Debug|Any CPU = Debug|Any CPU
		Release|Any CPU = Release|Any CPU
	EndGlobalSection
	GlobalSection(ProjectConfigurationPlatforms) = postSolution
		{3E87107E-8C0C-4CA5-92EC-23DC33B51B3A}.Debug|Any CPU.ActiveCfg = Debug|Any CPU
		{3E87107E-8C0C-4CA5-92EC-23DC33B51B3A}.Debug|Any CPU.Build.0 = Debug|Any CPU
		{3E87107E-8C0C-4CA5-92EC-23DC33B51B3A}.Release|Any CPU.ActiveCfg = Release|Any CPU
		{3E87107E-8C0C-4CA5-92EC-23DC33B51B3A}.Release|Any CPU.Build.0 = Release|Any CPU
		{FC20FCB2-846E-4427-BDB6-98F9D3D371C5}.Debug|Any CPU.ActiveCfg = Debug|Any CPU
		{FC20FCB2-846E-4427-BDB6-98F9D3D371C5}.Debug|Any CPU.Build.0 = Debug|Any CPU
		{FC20FCB2-846E-4427-BDB6-98F9D3D371C5}.Release|Any CPU.ActiveCfg = Release|Any CPU
		{FC20FCB2-846E-4427-BDB6-98F9D3D371C5}.Release|Any CPU.Build.0 = Release|Any CPU
	EndGlobalSection
	GlobalSection(SolutionProperties) = preSolution
		HideSolutionNode = FALSE
	EndGlobalSection
	GlobalSection(ExtensibilityGlobals) = postSolution
		SolutionGuid = {E6A85E0D-F80C-45F5-8447-3677DB3B7B8D}
	EndGlobalSection
EndGlobal
