
Microsoft Visual Studio Solution File, Format Version 12.00
# Visual Studio Version 17
VisualStudioVersion = 17.7.34018.315
MinimumVisualStudioVersion = 10.0.40219.1
Project("{FAE04EC0-301F-11D3-BF4B-00C04F79EFBC}") = "C#", "C#\C#.csproj", "{FAF59C9F-D424-4AA4-BBE4-FE2891A6E139}"
EndProject
Global
	GlobalSection(SolutionConfigurationPlatforms) = preSolution
		Debug|Any CPU = Debug|Any CPU
		Release|Any CPU = Release|Any CPU
	EndGlobalSection
	GlobalSection(ProjectConfigurationPlatforms) = postSolution
		{FAF59C9F-D424-4AA4-BBE4-FE2891A6E139}.Debug|Any CPU.ActiveCfg = Debug|Any CPU
		{FAF59C9F-D424-4AA4-BBE4-FE2891A6E139}.Debug|Any CPU.Build.0 = Debug|Any CPU
		{FAF59C9F-D424-4AA4-BBE4-FE2891A6E139}.Release|Any CPU.ActiveCfg = Release|Any CPU
		{FAF59C9F-D424-4AA4-BBE4-FE2891A6E139}.Release|Any CPU.Build.0 = Release|Any CPU
	EndGlobalSection
	GlobalSection(SolutionProperties) = preSolution
		HideSolutionNode = FALSE
	EndGlobalSection
	GlobalSection(ExtensibilityGlobals) = postSolution
		SolutionGuid = {97B95D68-6BAA-4DB1-AF93-4342847E4F0B}
	EndGlobalSection
EndGlobal
