
Microsoft Visual Studio Solution File, Format Version 12.00
# Visual Studio Version 17
VisualStudioVersion = 17.4.33110.190
MinimumVisualStudioVersion = 10.0.40219.1
Project("{9A19103F-16F7-4668-BE54-9A1E7A4F7556}") = "toll_calculator", "src\toll_calculator\toll_calculator.csproj", "{2E8A371A-82CC-4F40-B4C0-E469536158B3}"
EndProject
Project("{9A19103F-16F7-4668-BE54-9A1E7A4F7556}") = "toll_calculator.test", "test\toll_calculator.test\toll_calculator.test.csproj", "{1BCBF309-B4DA-4E9D-B80B-9C727B5D3506}"
EndProject
Global
	GlobalSection(SolutionConfigurationPlatforms) = preSolution
		Debug|Any CPU = Debug|Any CPU
		Release|Any CPU = Release|Any CPU
	EndGlobalSection
	GlobalSection(ProjectConfigurationPlatforms) = postSolution
		{2E8A371A-82CC-4F40-B4C0-E469536158B3}.Debug|Any CPU.ActiveCfg = Debug|Any CPU
		{2E8A371A-82CC-4F40-B4C0-E469536158B3}.Debug|Any CPU.Build.0 = Debug|Any CPU
		{2E8A371A-82CC-4F40-B4C0-E469536158B3}.Release|Any CPU.ActiveCfg = Release|Any CPU
		{2E8A371A-82CC-4F40-B4C0-E469536158B3}.Release|Any CPU.Build.0 = Release|Any CPU
		{1BCBF309-B4DA-4E9D-B80B-9C727B5D3506}.Debug|Any CPU.ActiveCfg = Debug|Any CPU
		{1BCBF309-B4DA-4E9D-B80B-9C727B5D3506}.Debug|Any CPU.Build.0 = Debug|Any CPU
		{1BCBF309-B4DA-4E9D-B80B-9C727B5D3506}.Release|Any CPU.ActiveCfg = Release|Any CPU
		{1BCBF309-B4DA-4E9D-B80B-9C727B5D3506}.Release|Any CPU.Build.0 = Release|Any CPU
	EndGlobalSection
	GlobalSection(SolutionProperties) = preSolution
		HideSolutionNode = FALSE
	EndGlobalSection
	GlobalSection(ExtensibilityGlobals) = postSolution
		SolutionGuid = {A6A04CCE-A05B-4248-A603-C31AE5826693}
	EndGlobalSection
EndGlobal
