
Microsoft Visual Studio Solution File, Format Version 12.00
# Visual Studio Version 17
VisualStudioVersion = 17.5.33424.131
MinimumVisualStudioVersion = 10.0.40219.1
Project("{FAE04EC0-301F-11D3-BF4B-00C04F79EFBC}") = "WebAPI", "WebAPI\WebAPI.csproj", "{A35368FF-D478-4475-885D-0B8B34C4D45E}"
EndProject
Global
	GlobalSection(SolutionConfigurationPlatforms) = preSolution
		Debug|Any CPU = Debug|Any CPU
		Release|Any CPU = Release|Any CPU
	EndGlobalSection
	GlobalSection(ProjectConfigurationPlatforms) = postSolution
		{A35368FF-D478-4475-885D-0B8B34C4D45E}.Debug|Any CPU.ActiveCfg = Debug|Any CPU
		{A35368FF-D478-4475-885D-0B8B34C4D45E}.Debug|Any CPU.Build.0 = Debug|Any CPU
		{A35368FF-D478-4475-885D-0B8B34C4D45E}.Release|Any CPU.ActiveCfg = Release|Any CPU
		{A35368FF-D478-4475-885D-0B8B34C4D45E}.Release|Any CPU.Build.0 = Release|Any CPU
	EndGlobalSection
	GlobalSection(SolutionProperties) = preSolution
		HideSolutionNode = FALSE
	EndGlobalSection
	GlobalSection(ExtensibilityGlobals) = postSolution
		SolutionGuid = {BF30A847-F5C7-4DCB-9EEC-5BE927B906EF}
	EndGlobalSection
EndGlobal
