
Microsoft Visual Studio Solution File, Format Version 12.00
# Visual Studio Version 17
VisualStudioVersion = 17.4.33110.190
MinimumVisualStudioVersion = 10.0.40219.1
Project("{9A19103F-16F7-4668-BE54-9A1E7A4F7556}") = "TollFeeCalculator", "TollFeeCalculator\TollFeeCalculator.csproj", "{49DBA292-F8CF-4103-B7C4-4746CE88EC4A}"
EndProject
Project("{FAE04EC0-301F-11D3-BF4B-00C04F79EFBC}") = "TollFeeCalculatorTests", "TollFeeCalculatorTests\TollFeeCalculatorTests.csproj", "{443679FB-0385-48BA-95A4-85576B9FD778}"
EndProject
Global
	GlobalSection(SolutionConfigurationPlatforms) = preSolution
		Debug|Any CPU = Debug|Any CPU
		Release|Any CPU = Release|Any CPU
	EndGlobalSection
	GlobalSection(ProjectConfigurationPlatforms) = postSolution
		{49DBA292-F8CF-4103-B7C4-4746CE88EC4A}.Debug|Any CPU.ActiveCfg = Debug|Any CPU
		{49DBA292-F8CF-4103-B7C4-4746CE88EC4A}.Debug|Any CPU.Build.0 = Debug|Any CPU
		{49DBA292-F8CF-4103-B7C4-4746CE88EC4A}.Release|Any CPU.ActiveCfg = Release|Any CPU
		{49DBA292-F8CF-4103-B7C4-4746CE88EC4A}.Release|Any CPU.Build.0 = Release|Any CPU
		{443679FB-0385-48BA-95A4-85576B9FD778}.Debug|Any CPU.ActiveCfg = Debug|Any CPU
		{443679FB-0385-48BA-95A4-85576B9FD778}.Debug|Any CPU.Build.0 = Debug|Any CPU
		{443679FB-0385-48BA-95A4-85576B9FD778}.Release|Any CPU.ActiveCfg = Release|Any CPU
		{443679FB-0385-48BA-95A4-85576B9FD778}.Release|Any CPU.Build.0 = Release|Any CPU
	EndGlobalSection
	GlobalSection(SolutionProperties) = preSolution
		HideSolutionNode = FALSE
	EndGlobalSection
	GlobalSection(ExtensibilityGlobals) = postSolution
		SolutionGuid = {0AF8A3A3-B6F7-487B-B52A-FB21ACC55A95}
	EndGlobalSection
EndGlobal
